
Microsoft Visual Studio Solution File, Format Version 12.00
# Visual Studio 14
VisualStudioVersion = 14.0.25123.0
MinimumVisualStudioVersion = 10.0.40219.1
Project("{FAE04EC0-301F-11D3-BF4B-00C04F79EFBC}") = "Sudoku.Core", "..\Sudoku.Core\Sudoku.Core.csproj", "{318C0E7B-747D-4C6A-9DC4-F2FAA8F302A9}"
EndProject
Project("{FAE04EC0-301F-11D3-BF4B-00C04F79EFBC}") = "Sudoku.Console", "Sudoku.Console\Sudoku.Console.csproj", "{486514E1-F9AA-4604-B8B0-56628CF05304}"
EndProject
Project("{FAE04EC0-301F-11D3-BF4B-00C04F79EFBC}") = "Sudoku.Tests.Core", "..\..\tests\Sudoku.Tests.Core\Sudoku.Tests.Core.csproj", "{98DAF6EF-EC1A-40FD-8E54-7621C6D72027}"
EndProject
Project("{2150E333-8FDC-42A3-9474-1A3956D46DE8}") = "Solution Items", "Solution Items", "{EC1EC305-5E91-4CC2-ADA4-A8E9AB88F985}"
	ProjectSection(SolutionItems) = preProject
		..\..\.gitignore = ..\..\.gitignore
	EndProjectSection
EndProject
Global
	GlobalSection(SolutionConfigurationPlatforms) = preSolution
		Debug|Any CPU = Debug|Any CPU
		Release|Any CPU = Release|Any CPU
	EndGlobalSection
	GlobalSection(ProjectConfigurationPlatforms) = postSolution
		{318C0E7B-747D-4C6A-9DC4-F2FAA8F302A9}.Debug|Any CPU.ActiveCfg = Debug|Any CPU
		{318C0E7B-747D-4C6A-9DC4-F2FAA8F302A9}.Debug|Any CPU.Build.0 = Debug|Any CPU
		{318C0E7B-747D-4C6A-9DC4-F2FAA8F302A9}.Release|Any CPU.ActiveCfg = Release|Any CPU
		{318C0E7B-747D-4C6A-9DC4-F2FAA8F302A9}.Release|Any CPU.Build.0 = Release|Any CPU
		{486514E1-F9AA-4604-B8B0-56628CF05304}.Debug|Any CPU.ActiveCfg = Debug|Any CPU
		{486514E1-F9AA-4604-B8B0-56628CF05304}.Debug|Any CPU.Build.0 = Debug|Any CPU
		{486514E1-F9AA-4604-B8B0-56628CF05304}.Release|Any CPU.ActiveCfg = Release|Any CPU
		{486514E1-F9AA-4604-B8B0-56628CF05304}.Release|Any CPU.Build.0 = Release|Any CPU
		{98DAF6EF-EC1A-40FD-8E54-7621C6D72027}.Debug|Any CPU.ActiveCfg = Debug|Any CPU
		{98DAF6EF-EC1A-40FD-8E54-7621C6D72027}.Debug|Any CPU.Build.0 = Debug|Any CPU
		{98DAF6EF-EC1A-40FD-8E54-7621C6D72027}.Release|Any CPU.ActiveCfg = Release|Any CPU
		{98DAF6EF-EC1A-40FD-8E54-7621C6D72027}.Release|Any CPU.Build.0 = Release|Any CPU
	EndGlobalSection
	GlobalSection(SolutionProperties) = preSolution
		HideSolutionNode = FALSE
	EndGlobalSection
EndGlobal
